
Microsoft Visual Studio Solution File, Format Version 12.00
# Visual Studio Version 17
VisualStudioVersion = 17.5.002.0
MinimumVisualStudioVersion = 10.0.40219.1
Project("{9A19103F-16F7-4668-BE54-9A1E7A4F7556}") = "SalesApi", "SalesApi\SalesApi.csproj", "{86FB0DD6-03EF-42BB-9CD7-502CA91CF814}"
EndProject
Global
	GlobalSection(SolutionConfigurationPlatforms) = preSolution
		Debug|Any CPU = Debug|Any CPU
		Release|Any CPU = Release|Any CPU
	EndGlobalSection
	GlobalSection(ProjectConfigurationPlatforms) = postSolution
		{86FB0DD6-03EF-42BB-9CD7-502CA91CF814}.Debug|Any CPU.ActiveCfg = Debug|Any CPU
		{86FB0DD6-03EF-42BB-9CD7-502CA91CF814}.Debug|Any CPU.Build.0 = Debug|Any CPU
		{86FB0DD6-03EF-42BB-9CD7-502CA91CF814}.Release|Any CPU.ActiveCfg = Release|Any CPU
		{86FB0DD6-03EF-42BB-9CD7-502CA91CF814}.Release|Any CPU.Build.0 = Release|Any CPU
	EndGlobalSection
	GlobalSection(SolutionProperties) = preSolution
		HideSolutionNode = FALSE
	EndGlobalSection
	GlobalSection(ExtensibilityGlobals) = postSolution
		SolutionGuid = {843BD1A1-BAF9-49B9-AB0F-ABABECED64FE}
	EndGlobalSection
EndGlobal
